Microsoft Visual Studio Solution File, Format Version 7.00
Project("{8BC9CEB8-8B4A-11D0-8D11-00A0C91BC942}") = "AggOOPenMatrixDemo", "AggOOPenMatrixDemo.vcproj", "{A1AC0756-3CEB-4D5D-AB91-FE1CD56E9CD9}"
EndProject
Project("{8BC9CEB8-8B4A-11D0-8D11-00A0C91BC942}") = "GdiplusPenMatrixDemo", "..\GdiplusPenMatrixDemo\GdiplusPenMatrixDemo.vcproj", "{BB990035-DDA2-4FD2-BDEF-4B93DB623137}"
EndProject
Global
	GlobalSection(SolutionConfiguration) = preSolution
		ConfigName.0 = Debug
		ConfigName.1 = Release
	EndGlobalSection
	GlobalSection(ProjectDependencies) = postSolution
	EndGlobalSection
	GlobalSection(ProjectConfiguration) = postSolution
		{A1AC0756-3CEB-4D5D-AB91-FE1CD56E9CD9}.Debug.ActiveCfg = Debug|Win32
		{A1AC0756-3CEB-4D5D-AB91-FE1CD56E9CD9}.Debug.Build.0 = Debug|Win32
		{A1AC0756-3CEB-4D5D-AB91-FE1CD56E9CD9}.Release.ActiveCfg = Release|Win32
		{A1AC0756-3CEB-4D5D-AB91-FE1CD56E9CD9}.Release.Build.0 = Release|Win32
		{BB990035-DDA2-4FD2-BDEF-4B93DB623137}.Debug.ActiveCfg = Debug|Win32
		{BB990035-DDA2-4FD2-BDEF-4B93DB623137}.Debug.Build.0 = Debug|Win32
		{BB990035-DDA2-4FD2-BDEF-4B93DB623137}.Release.ActiveCfg = Release|Win32
		{BB990035-DDA2-4FD2-BDEF-4B93DB623137}.Release.Build.0 = Release|Win32
	EndGlobalSection
	GlobalSection(ExtensibilityGlobals) = postSolution
	EndGlobalSection
	GlobalSection(ExtensibilityAddIns) = postSolution
	EndGlobalSection
EndGlobal
