
Microsoft Visual Studio Solution File, Format Version 10.00
# Visual C++ Express 2008
Project("{8BC9CEB8-8B4A-11D0-8D11-00A0C91BC942}") = "FogApp", "FogApp.vcproj", "{D03348AC-F68B-46E0-8757-032D4AE3CC14}"
EndProject
Global
	GlobalSection(SolutionConfigurationPlatforms) = preSolution
		Debug|Win32 = Debug|Win32
		Release|Win32 = Release|Win32
	EndGlobalSection
	GlobalSection(ProjectConfigurationPlatforms) = postSolution
		{D03348AC-F68B-46E0-8757-032D4AE3CC14}.Debug|Win32.ActiveCfg = Debug|Win32
		{D03348AC-F68B-46E0-8757-032D4AE3CC14}.Debug|Win32.Build.0 = Debug|Win32
		{D03348AC-F68B-46E0-8757-032D4AE3CC14}.Release|Win32.ActiveCfg = Release|Win32
		{D03348AC-F68B-46E0-8757-032D4AE3CC14}.Release|Win32.Build.0 = Release|Win32
	EndGlobalSection
	GlobalSection(SolutionProperties) = preSolution
		HideSolutionNode = FALSE
	EndGlobalSection
EndGlobal
